
Microsoft Visual Studio Solution File, Format Version 12.00
# Visual Studio Version 17
VisualStudioVersion = 17.1.32228.430
MinimumVisualStudioVersion = 10.0.40219.1
Project("{FAE04EC0-301F-11D3-BF4B-00C04F79EFBC}") = "UWP Slide Show Library", "UWP Slide Show Library\UWP Slide Show Library.csproj", "{807D4358-1AE9-45BF-9A35-8AFA19017B9D}"
EndProject
Project("{FAE04EC0-301F-11D3-BF4B-00C04F79EFBC}") = "CSharpUI", "CSharpUI\CSharpUI.csproj", "{2F50B8EA-2F62-4FB9-B2B0-794AEE021851}"
EndProject
Project("{FAE04EC0-301F-11D3-BF4B-00C04F79EFBC}") = "Sample Project", "Sample Project\Sample Project.csproj", "{AFE9F270-EE7B-4997-94A9-AB411946DD57}"
EndProject
Global
	GlobalSection(SolutionConfigurationPlatforms) = preSolution
		Debug|Any CPU = Debug|Any CPU
		Debug|ARM = Debug|ARM
		Debug|ARM64 = Debug|ARM64
		Debug|x64 = Debug|x64
		Debug|x86 = Debug|x86
		Release|Any CPU = Release|Any CPU
		Release|ARM = Release|ARM
		Release|ARM64 = Release|ARM64
		Release|x64 = Release|x64
		Release|x86 = Release|x86
	EndGlobalSection
	GlobalSection(ProjectConfigurationPlatforms) = postSolution
		{807D4358-1AE9-45BF-9A35-8AFA19017B9D}.Debug|Any CPU.ActiveCfg = Debug|Any CPU
		{807D4358-1AE9-45BF-9A35-8AFA19017B9D}.Debug|Any CPU.Build.0 = Debug|Any CPU
		{807D4358-1AE9-45BF-9A35-8AFA19017B9D}.Debug|ARM.ActiveCfg = Debug|ARM
		{807D4358-1AE9-45BF-9A35-8AFA19017B9D}.Debug|ARM.Build.0 = Debug|ARM
		{807D4358-1AE9-45BF-9A35-8AFA19017B9D}.Debug|ARM64.ActiveCfg = Debug|ARM64
		{807D4358-1AE9-45BF-9A35-8AFA19017B9D}.Debug|ARM64.Build.0 = Debug|ARM64
		{807D4358-1AE9-45BF-9A35-8AFA19017B9D}.Debug|x64.ActiveCfg = Debug|x64
		{807D4358-1AE9-45BF-9A35-8AFA19017B9D}.Debug|x64.Build.0 = Debug|x64
		{807D4358-1AE9-45BF-9A35-8AFA19017B9D}.Debug|x86.ActiveCfg = Debug|x86
		{807D4358-1AE9-45BF-9A35-8AFA19017B9D}.Debug|x86.Build.0 = Debug|x86
		{807D4358-1AE9-45BF-9A35-8AFA19017B9D}.Release|Any CPU.ActiveCfg = Release|Any CPU
		{807D4358-1AE9-45BF-9A35-8AFA19017B9D}.Release|Any CPU.Build.0 = Release|Any CPU
		{807D4358-1AE9-45BF-9A35-8AFA19017B9D}.Release|ARM.ActiveCfg = Release|ARM
		{807D4358-1AE9-45BF-9A35-8AFA19017B9D}.Release|ARM.Build.0 = Release|ARM
		{807D4358-1AE9-45BF-9A35-8AFA19017B9D}.Release|ARM64.ActiveCfg = Release|ARM64
		{807D4358-1AE9-45BF-9A35-8AFA19017B9D}.Release|ARM64.Build.0 = Release|ARM64
		{807D4358-1AE9-45BF-9A35-8AFA19017B9D}.Release|x64.ActiveCfg = Release|x64
		{807D4358-1AE9-45BF-9A35-8AFA19017B9D}.Release|x64.Build.0 = Release|x64
		{807D4358-1AE9-45BF-9A35-8AFA19017B9D}.Release|x86.ActiveCfg = Release|x86
		{807D4358-1AE9-45BF-9A35-8AFA19017B9D}.Release|x86.Build.0 = Release|x86
		{2F50B8EA-2F62-4FB9-B2B0-794AEE021851}.Debug|Any CPU.ActiveCfg = Debug|Any CPU
		{2F50B8EA-2F62-4FB9-B2B0-794AEE021851}.Debug|Any CPU.Build.0 = Debug|Any CPU
		{2F50B8EA-2F62-4FB9-B2B0-794AEE021851}.Debug|ARM.ActiveCfg = Debug|ARM
		{2F50B8EA-2F62-4FB9-B2B0-794AEE021851}.Debug|ARM.Build.0 = Debug|ARM
		{2F50B8EA-2F62-4FB9-B2B0-794AEE021851}.Debug|ARM64.ActiveCfg = Debug|ARM64
		{2F50B8EA-2F62-4FB9-B2B0-794AEE021851}.Debug|ARM64.Build.0 = Debug|ARM64
		{2F50B8EA-2F62-4FB9-B2B0-794AEE021851}.Debug|x64.ActiveCfg = Debug|x64
		{2F50B8EA-2F62-4FB9-B2B0-794AEE021851}.Debug|x64.Build.0 = Debug|x64
		{2F50B8EA-2F62-4FB9-B2B0-794AEE021851}.Debug|x86.ActiveCfg = Debug|x86
		{2F50B8EA-2F62-4FB9-B2B0-794AEE021851}.Debug|x86.Build.0 = Debug|x86
		{2F50B8EA-2F62-4FB9-B2B0-794AEE021851}.Release|Any CPU.ActiveCfg = Release|Any CPU
		{2F50B8EA-2F62-4FB9-B2B0-794AEE021851}.Release|Any CPU.Build.0 = Release|Any CPU
		{2F50B8EA-2F62-4FB9-B2B0-794AEE021851}.Release|ARM.ActiveCfg = Release|ARM
		{2F50B8EA-2F62-4FB9-B2B0-794AEE021851}.Release|ARM.Build.0 = Release|ARM
		{2F50B8EA-2F62-4FB9-B2B0-794AEE021851}.Release|ARM64.ActiveCfg = Release|ARM64
		{2F50B8EA-2F62-4FB9-B2B0-794AEE021851}.Release|ARM64.Build.0 = Release|ARM64
		{2F50B8EA-2F62-4FB9-B2B0-794AEE021851}.Release|x64.ActiveCfg = Release|x64
		{2F50B8EA-2F62-4FB9-B2B0-794AEE021851}.Release|x64.Build.0 = Release|x64
		{2F50B8EA-2F62-4FB9-B2B0-794AEE021851}.Release|x86.ActiveCfg = Release|x86
		{2F50B8EA-2F62-4FB9-B2B0-794AEE021851}.Release|x86.Build.0 = Release|x86
		{AFE9F270-EE7B-4997-94A9-AB411946DD57}.Debug|Any CPU.ActiveCfg = Debug|x64
		{AFE9F270-EE7B-4997-94A9-AB411946DD57}.Debug|Any CPU.Build.0 = Debug|x64
		{AFE9F270-EE7B-4997-94A9-AB411946DD57}.Debug|Any CPU.Deploy.0 = Debug|x64
		{AFE9F270-EE7B-4997-94A9-AB411946DD57}.Debug|ARM.ActiveCfg = Debug|ARM
		{AFE9F270-EE7B-4997-94A9-AB411946DD57}.Debug|ARM.Build.0 = Debug|ARM
		{AFE9F270-EE7B-4997-94A9-AB411946DD57}.Debug|ARM.Deploy.0 = Debug|ARM
		{AFE9F270-EE7B-4997-94A9-AB411946DD57}.Debug|ARM64.ActiveCfg = Debug|ARM64
		{AFE9F270-EE7B-4997-94A9-AB411946DD57}.Debug|ARM64.Build.0 = Debug|ARM64
		{AFE9F270-EE7B-4997-94A9-AB411946DD57}.Debug|ARM64.Deploy.0 = Debug|ARM64
		{AFE9F270-EE7B-4997-94A9-AB411946DD57}.Debug|x64.ActiveCfg = Debug|x64
		{AFE9F270-EE7B-4997-94A9-AB411946DD57}.Debug|x64.Build.0 = Debug|x64
		{AFE9F270-EE7B-4997-94A9-AB411946DD57}.Debug|x64.Deploy.0 = Debug|x64
		{AFE9F270-EE7B-4997-94A9-AB411946DD57}.Debug|x86.ActiveCfg = Debug|x86
		{AFE9F270-EE7B-4997-94A9-AB411946DD57}.Debug|x86.Build.0 = Debug|x86
		{AFE9F270-EE7B-4997-94A9-AB411946DD57}.Debug|x86.Deploy.0 = Debug|x86
		{AFE9F270-EE7B-4997-94A9-AB411946DD57}.Release|Any CPU.ActiveCfg = Release|x64
		{AFE9F270-EE7B-4997-94A9-AB411946DD57}.Release|Any CPU.Build.0 = Release|x64
		{AFE9F270-EE7B-4997-94A9-AB411946DD57}.Release|Any CPU.Deploy.0 = Release|x64
		{AFE9F270-EE7B-4997-94A9-AB411946DD57}.Release|ARM.ActiveCfg = Release|ARM
		{AFE9F270-EE7B-4997-94A9-AB411946DD57}.Release|ARM.Build.0 = Release|ARM
		{AFE9F270-EE7B-4997-94A9-AB411946DD57}.Release|ARM.Deploy.0 = Release|ARM
		{AFE9F270-EE7B-4997-94A9-AB411946DD57}.Release|ARM64.ActiveCfg = Release|ARM64
		{AFE9F270-EE7B-4997-94A9-AB411946DD57}.Release|ARM64.Build.0 = Release|ARM64
		{AFE9F270-EE7B-4997-94A9-AB411946DD57}.Release|ARM64.Deploy.0 = Release|ARM64
		{AFE9F270-EE7B-4997-94A9-AB411946DD57}.Release|x64.ActiveCfg = Release|x64
		{AFE9F270-EE7B-4997-94A9-AB411946DD57}.Release|x64.Build.0 = Release|x64
		{AFE9F270-EE7B-4997-94A9-AB411946DD57}.Release|x64.Deploy.0 = Release|x64
		{AFE9F270-EE7B-4997-94A9-AB411946DD57}.Release|x86.ActiveCfg = Release|x86
		{AFE9F270-EE7B-4997-94A9-AB411946DD57}.Release|x86.Build.0 = Release|x86
		{AFE9F270-EE7B-4997-94A9-AB411946DD57}.Release|x86.Deploy.0 = Release|x86
	EndGlobalSection
	GlobalSection(SolutionProperties) = preSolution
		HideSolutionNode = FALSE
	EndGlobalSection
	GlobalSection(ExtensibilityGlobals) = postSolution
		SolutionGuid = {B9F981DC-C656-40B6-ABEE-D5F12D51BD93}
	EndGlobalSection
EndGlobal
